
Microsoft Visual Studio Solution File, Format Version 12.00
# Visual Studio 15
Project("{FAE04EC0-301F-11D3-BF4B-00C04F79EFBC}") = "Examen", "Examen\Examen.csproj", "{4A0326C4-47DF-4A14-9159-E22521651B13}"
EndProject
Global
	GlobalSection(SolutionConfigurationPlatforms) = preSolution
		Debug|anycpu = Debug|anycpu
		Release|anycpu = Release|anycpu
	EndGlobalSection
	GlobalSection(ProjectConfigurationPlatforms) = postSolution
		{4A0326C4-47DF-4A14-9159-E22521651B13}.Debug|anycpu.ActiveCfg = Debug|anycpu
		{4A0326C4-47DF-4A14-9159-E22521651B13}.Debug|anycpu.Build.0 = Debug|anycpu
		{4A0326C4-47DF-4A14-9159-E22521651B13}.Release|anycpu.ActiveCfg = Release|anycpu
		{4A0326C4-47DF-4A14-9159-E22521651B13}.Release|anycpu.Build.0 = Release|anycpu
	EndGlobalSection
EndGlobal
